
Microsoft Visual Studio Solution File, Format Version 12.00
# Visual Studio 14
VisualStudioVersion = 14.0.25420.1
MinimumVisualStudioVersion = 10.0.40219.1
Project("{FAE04EC0-301F-11D3-BF4B-00C04F79EFBC}") = "MDSProject", "MDSProject\MDSProject.csproj", "{5F237FB6-5C9E-4B6E-8E04-FBFBA174094F}"
EndProject
Project("{FAE04EC0-301F-11D3-BF4B-00C04F79EFBC}") = "MDSUnitTest", "MDSUnitTest\MDSUnitTest.csproj", "{BBDA7795-8F66-4A5A-B824-32D840130088}"
EndProject
Global
	GlobalSection(SolutionConfigurationPlatforms) = preSolution
		Debug|Any CPU = Debug|Any CPU
		Release|Any CPU = Release|Any CPU
	EndGlobalSection
	GlobalSection(ProjectConfigurationPlatforms) = postSolution
		{5F237FB6-5C9E-4B6E-8E04-FBFBA174094F}.Debug|Any CPU.ActiveCfg = Debug|Any CPU
		{5F237FB6-5C9E-4B6E-8E04-FBFBA174094F}.Debug|Any CPU.Build.0 = Debug|Any CPU
		{5F237FB6-5C9E-4B6E-8E04-FBFBA174094F}.Release|Any CPU.ActiveCfg = Release|Any CPU
		{5F237FB6-5C9E-4B6E-8E04-FBFBA174094F}.Release|Any CPU.Build.0 = Release|Any CPU
		{BBDA7795-8F66-4A5A-B824-32D840130088}.Debug|Any CPU.ActiveCfg = Debug|Any CPU
		{BBDA7795-8F66-4A5A-B824-32D840130088}.Debug|Any CPU.Build.0 = Debug|Any CPU
		{BBDA7795-8F66-4A5A-B824-32D840130088}.Release|Any CPU.ActiveCfg = Release|Any CPU
		{BBDA7795-8F66-4A5A-B824-32D840130088}.Release|Any CPU.Build.0 = Release|Any CPU
	EndGlobalSection
	GlobalSection(SolutionProperties) = preSolution
		HideSolutionNode = FALSE
	EndGlobalSection
EndGlobal
